apiVersion: kbld.k14s.io/v1alpha1
kind: Config
minimumRequiredVersion: 0.29.0
overrides:
- image: index.docker.io/library/redis@sha256:cd277716dbff2c0211c8366687d275d2b53112fecbf9d6c86e9853edb0900956
  newImage: core.harbor.domain/ns1/app@sha256:cd277716dbff2c0211c8366687d275d2b53112fecbf9d6c86e9853edb0900956
  preresolved: true
- image: index.docker.io/mreferre/yelb-appserver@sha256:db367946dc02cf38752ad925e0b0fbff0f5c6f9186ca481fb8541530879d9c8d
  newImage: core.harbor.domain/ns1/app@sha256:db367946dc02cf38752ad925e0b0fbff0f5c6f9186ca481fb8541530879d9c8d
  preresolved: true
- image: index.docker.io/mreferre/yelb-db@sha256:6412d2fe96ee71ca701932d47675c549fe0428dede6a7975d39d9a581dc46c0c
  newImage: core.harbor.domain/ns1/app@sha256:6412d2fe96ee71ca701932d47675c549fe0428dede6a7975d39d9a581dc46c0c
  preresolved: true
- image: index.docker.io/mreferre/yelb-ui@sha256:a2199d4f9fd38b168af93acf25331cda4e93140704bcba585d8981e0eeec0050
  newImage: core.harbor.domain/ns1/app@sha256:a2199d4f9fd38b168af93acf25331cda4e93140704bcba585d8981e0eeec0050
  preresolved: true
